
Microsoft Visual Studio Solution File, Format Version 12.00
# Visual Studio 15
VisualStudioVersion = 15.0.28307.136
MinimumVisualStudioVersion = 10.0.40219.1
Project("{FAE04EC0-301F-11D3-BF4B-00C04F79EFBC}") = "Model", "Model\Model.csproj", "{983F6AD3-15CD-4C78-ABD4-24D6745A6EAD}"
EndProject
Project("{FAE04EC0-301F-11D3-BF4B-00C04F79EFBC}") = "Tests", "Tests\Tests.csproj", "{8289E962-152A-45C0-84DD-17AFAE298510}"
EndProject
Project("{FAE04EC0-301F-11D3-BF4B-00C04F79EFBC}") = "ConsoleApp", "ConsoleApp\ConsoleApp.csproj", "{3A4F48AE-820B-4C96-BE25-5A3D869BDFD1}"
EndProject
Global
	GlobalSection(SolutionConfigurationPlatforms) = preSolution
		Debug|Any CPU = Debug|Any CPU
		Release|Any CPU = Release|Any CPU
	EndGlobalSection
	GlobalSection(ProjectConfigurationPlatforms) = postSolution
		{983F6AD3-15CD-4C78-ABD4-24D6745A6EAD}.Debug|Any CPU.ActiveCfg = Debug|Any CPU
		{983F6AD3-15CD-4C78-ABD4-24D6745A6EAD}.Debug|Any CPU.Build.0 = Debug|Any CPU
		{983F6AD3-15CD-4C78-ABD4-24D6745A6EAD}.Release|Any CPU.ActiveCfg = Release|Any CPU
		{983F6AD3-15CD-4C78-ABD4-24D6745A6EAD}.Release|Any CPU.Build.0 = Release|Any CPU
		{8289E962-152A-45C0-84DD-17AFAE298510}.Debug|Any CPU.ActiveCfg = Debug|Any CPU
		{8289E962-152A-45C0-84DD-17AFAE298510}.Debug|Any CPU.Build.0 = Debug|Any CPU
		{8289E962-152A-45C0-84DD-17AFAE298510}.Release|Any CPU.ActiveCfg = Release|Any CPU
		{8289E962-152A-45C0-84DD-17AFAE298510}.Release|Any CPU.Build.0 = Release|Any CPU
		{3A4F48AE-820B-4C96-BE25-5A3D869BDFD1}.Debug|Any CPU.ActiveCfg = Debug|Any CPU
		{3A4F48AE-820B-4C96-BE25-5A3D869BDFD1}.Debug|Any CPU.Build.0 = Debug|Any CPU
		{3A4F48AE-820B-4C96-BE25-5A3D869BDFD1}.Release|Any CPU.ActiveCfg = Release|Any CPU
		{3A4F48AE-820B-4C96-BE25-5A3D869BDFD1}.Release|Any CPU.Build.0 = Release|Any CPU
	EndGlobalSection
	GlobalSection(SolutionProperties) = preSolution
		HideSolutionNode = FALSE
	EndGlobalSection
	GlobalSection(ExtensibilityGlobals) = postSolution
		SolutionGuid = {12D4D389-79C2-4C14-A183-EECA55D5B813}
	EndGlobalSection
EndGlobal
